Microsoft Visual Studio Solution File, Format Version 12.00
# Visual Studio Version 17
VisualStudioVersion = 17.13.35825.156
MinimumVisualStudioVersion = 10.0.40219.1
Project("{FAE04EC0-301F-11D3-BF4B-00C04F79EFBC}") = "GenericFunctions", "GenericFunctions\GenericFunctions.csproj", "{ED14A5F4-697E-4062-B310-5A4EC4E58BE8}"
EndProject
Project("{FAE04EC0-301F-11D3-BF4B-00C04F79EFBC}") = "GenericFunctions.Tests", "GenericFunctions.Tests\GenericFunctions.Tests.csproj", "{C28542BE-EBC5-4591-AAB4-0FAE8D9FE1E3}"
EndProject
Global
	GlobalSection(SolutionConfigurationPlatforms) = preSolution
		Debug|Any CPU = Debug|Any CPU
		Release|Any CPU = Release|Any CPU
	EndGlobalSection
	GlobalSection(ProjectConfigurationPlatforms) = postSolution
		{ED14A5F4-697E-4062-B310-5A4EC4E58BE8}.Debug|Any CPU.ActiveCfg = Debug|Any CPU
		{ED14A5F4-697E-4062-B310-5A4EC4E58BE8}.Debug|Any CPU.Build.0 = Debug|Any CPU
		{ED14A5F4-697E-4062-B310-5A4EC4E58BE8}.Release|Any CPU.ActiveCfg = Release|Any CPU
		{ED14A5F4-697E-4062-B310-5A4EC4E58BE8}.Release|Any CPU.Build.0 = Release|Any CPU
		{C28542BE-EBC5-4591-AAB4-0FAE8D9FE1E3}.Debug|Any CPU.ActiveCfg = Debug|Any CPU
		{C28542BE-EBC5-4591-AAB4-0FAE8D9FE1E3}.Debug|Any CPU.Build.0 = Debug|Any CPU
		{C28542BE-EBC5-4591-AAB4-0FAE8D9FE1E3}.Release|Any CPU.ActiveCfg = Release|Any CPU
		{C28542BE-EBC5-4591-AAB4-0FAE8D9FE1E3}.Release|Any CPU.Build.0 = Release|Any CPU
	EndGlobalSection
	GlobalSection(SolutionProperties) = preSolution
		HideSolutionNode = FALSE
	EndGlobalSection
	GlobalSection(ExtensibilityGlobals) = postSolution
		SolutionGuid = {47CD0EAA-E69F-45B4-953B-7EBB17E805E5}
	EndGlobalSection
EndGlobal
