Microsoft Visual Studio Solution File, Format Version 12.00
# Visual Studio Version 17
VisualStudioVersion = 17.13.35825.156
MinimumVisualStudioVersion = 10.0.40219.1
Project("{FAE04EC0-301F-11D3-BF4B-00C04F79EFBC}") = "CalculatorApp", "CalculatorApp\CalculatorApp.csproj", "{3D042226-DC6D-49EB-9221-7C66ADF983B4}"
	ProjectSection(ProjectDependencies) = postProject
		{7A6E969C-9847-4A60-9884-DAAF926A9D07} = {7A6E969C-9847-4A60-9884-DAAF926A9D07}
	EndProjectSection
EndProject
Project("{FAE04EC0-301F-11D3-BF4B-00C04F79EFBC}") = "CalculatorLogic", "CalculatorLogic\CalculatorLogic.csproj", "{7A6E969C-9847-4A60-9884-DAAF926A9D07}"
EndProject
Project("{FAE04EC0-301F-11D3-BF4B-00C04F79EFBC}") = "CalculatorLogic.Tests", "CalculatorLogic.Tests\CalculatorLogic.Tests.csproj", "{D912269D-3FC5-45AA-B446-50B0D608A36A}"
EndProject
Project("{2150E333-8FDC-42A3-9474-1A3956D46DE8}") = "Solution Items", "Solution Items", "{36D591C7-65C7-A0D1-1CBC-10CDE441BDC8}"
	ProjectSection(SolutionItems) = preProject
		.editorconfig = .editorconfig
	EndProjectSection
EndProject
Global
	GlobalSection(SolutionConfigurationPlatforms) = preSolution
		Debug|Any CPU = Debug|Any CPU
		Release|Any CPU = Release|Any CPU
	EndGlobalSection
	GlobalSection(ProjectConfigurationPlatforms) = postSolution
		{3D042226-DC6D-49EB-9221-7C66ADF983B4}.Debug|Any CPU.ActiveCfg = Debug|Any CPU
		{3D042226-DC6D-49EB-9221-7C66ADF983B4}.Debug|Any CPU.Build.0 = Debug|Any CPU
		{3D042226-DC6D-49EB-9221-7C66ADF983B4}.Release|Any CPU.ActiveCfg = Release|Any CPU
		{3D042226-DC6D-49EB-9221-7C66ADF983B4}.Release|Any CPU.Build.0 = Release|Any CPU
		{7A6E969C-9847-4A60-9884-DAAF926A9D07}.Debug|Any CPU.ActiveCfg = Debug|Any CPU
		{7A6E969C-9847-4A60-9884-DAAF926A9D07}.Debug|Any CPU.Build.0 = Debug|Any CPU
		{7A6E969C-9847-4A60-9884-DAAF926A9D07}.Release|Any CPU.ActiveCfg = Release|Any CPU
		{7A6E969C-9847-4A60-9884-DAAF926A9D07}.Release|Any CPU.Build.0 = Release|Any CPU
		{D912269D-3FC5-45AA-B446-50B0D608A36A}.Debug|Any CPU.ActiveCfg = Debug|Any CPU
		{D912269D-3FC5-45AA-B446-50B0D608A36A}.Debug|Any CPU.Build.0 = Debug|Any CPU
		{D912269D-3FC5-45AA-B446-50B0D608A36A}.Release|Any CPU.ActiveCfg = Release|Any CPU
		{D912269D-3FC5-45AA-B446-50B0D608A36A}.Release|Any CPU.Build.0 = Release|Any CPU
	EndGlobalSection
	GlobalSection(SolutionProperties) = preSolution
		HideSolutionNode = FALSE
	EndGlobalSection
	GlobalSection(ExtensibilityGlobals) = postSolution
		SolutionGuid = {D10FA4B2-10D9-4C95-86E9-51F744346426}
	EndGlobalSection
EndGlobal
