Microsoft Visual Studio Solution File, Format Version 12.00
# Visual Studio Version 17
VisualStudioVersion = 17.13.35825.156
MinimumVisualStudioVersion = 10.0.40219.1
Project("{FAE04EC0-301F-11D3-BF4B-00C04F79EFBC}") = "Routers", "Routers\Routers.csproj", "{5AE8071F-4D73-4C69-AA08-F7D6A6F87BF3}"
EndProject
Global
	GlobalSection(SolutionConfigurationPlatforms) = preSolution
		Debug|Any CPU = Debug|Any CPU
		Release|Any CPU = Release|Any CPU
	EndGlobalSection
	GlobalSection(ProjectConfigurationPlatforms) = postSolution
		{5AE8071F-4D73-4C69-AA08-F7D6A6F87BF3}.Debug|Any CPU.ActiveCfg = Debug|Any CPU
		{5AE8071F-4D73-4C69-AA08-F7D6A6F87BF3}.Debug|Any CPU.Build.0 = Debug|Any CPU
		{5AE8071F-4D73-4C69-AA08-F7D6A6F87BF3}.Release|Any CPU.ActiveCfg = Release|Any CPU
		{5AE8071F-4D73-4C69-AA08-F7D6A6F87BF3}.Release|Any CPU.Build.0 = Release|Any CPU
	EndGlobalSection
	GlobalSection(SolutionProperties) = preSolution
		HideSolutionNode = FALSE
	EndGlobalSection
	GlobalSection(ExtensibilityGlobals) = postSolution
		SolutionGuid = {A9745646-6B47-49FD-BB12-B048F4C2C3C3}
	EndGlobalSection
EndGlobal
