
Microsoft Visual Studio Solution File, Format Version 12.00
# Visual Studio Version 17
VisualStudioVersion = 17.11.35222.181
MinimumVisualStudioVersion = 10.0.40219.1
Project("{9A19103F-16F7-4668-BE54-9A1E7A4F7556}") = "Homework_1(BWT)", "Homework_1(BWT)\Homework_1(BWT).csproj", "{E5310542-5311-401E-8965-10259C6AF366}"
EndProject
Global
	GlobalSection(SolutionConfigurationPlatforms) = preSolution
		Debug|Any CPU = Debug|Any CPU
		Release|Any CPU = Release|Any CPU
	EndGlobalSection
	GlobalSection(ProjectConfigurationPlatforms) = postSolution
		{E5310542-5311-401E-8965-10259C6AF366}.Debug|Any CPU.ActiveCfg = Debug|Any CPU
		{E5310542-5311-401E-8965-10259C6AF366}.Debug|Any CPU.Build.0 = Debug|Any CPU
		{E5310542-5311-401E-8965-10259C6AF366}.Release|Any CPU.ActiveCfg = Release|Any CPU
		{E5310542-5311-401E-8965-10259C6AF366}.Release|Any CPU.Build.0 = Release|Any CPU
	EndGlobalSection
	GlobalSection(SolutionProperties) = preSolution
		HideSolutionNode = FALSE
	EndGlobalSection
	GlobalSection(ExtensibilityGlobals) = postSolution
		SolutionGuid = {6DFC3E01-363B-4C2C-BC0F-85415C30D9CA}
	EndGlobalSection
EndGlobal
